
Microsoft Visual Studio Solution File, Format Version 12.00
# Visual Studio Version 17
VisualStudioVersion = 17.14.36301.6
MinimumVisualStudioVersion = 10.0.40219.1
Project("{FAE04EC0-301F-11D3-BF4B-00C04F79EFBC}") = "BlazorApp", "BlazorApp\BlazorApp.csproj", "{F106CA75-0EB4-4BA1-A18E-67756C4BB462}"
EndProject
Global
	GlobalSection(SolutionConfigurationPlatforms) = preSolution
		Debug|Any CPU = Debug|Any CPU
		Release|Any CPU = Release|Any CPU
	EndGlobalSection
	GlobalSection(ProjectConfigurationPlatforms) = postSolution
		{F106CA75-0EB4-4BA1-A18E-67756C4BB462}.Debug|Any CPU.ActiveCfg = Debug|Any CPU
		{F106CA75-0EB4-4BA1-A18E-67756C4BB462}.Debug|Any CPU.Build.0 = Debug|Any CPU
		{F106CA75-0EB4-4BA1-A18E-67756C4BB462}.Release|Any CPU.ActiveCfg = Release|Any CPU
		{F106CA75-0EB4-4BA1-A18E-67756C4BB462}.Release|Any CPU.Build.0 = Release|Any CPU
	EndGlobalSection
	GlobalSection(SolutionProperties) = preSolution
		HideSolutionNode = FALSE
	EndGlobalSection
	GlobalSection(ExtensibilityGlobals) = postSolution
		SolutionGuid = {31B03486-5134-48CF-9DC9-15EEE5110482}
	EndGlobalSection
EndGlobal
